
Microsoft Visual Studio Solution File, Format Version 12.00
# Visual Studio Version 16
VisualStudioVersion = 16.0.30907.101
MinimumVisualStudioVersion = 10.0.40219.1
Project("{FAE04EC0-301F-11D3-BF4B-00C04F79EFBC}") = "Filters.Api", "Filters.Api\Filters.Api.csproj", "{05CA4F29-3D16-4DD1-83F4-D5268FBE230E}"
EndProject
Global
	GlobalSection(SolutionConfigurationPlatforms) = preSolution
		Debug|Any CPU = Debug|Any CPU
		Release|Any CPU = Release|Any CPU
	EndGlobalSection
	GlobalSection(ProjectConfigurationPlatforms) = postSolution
		{05CA4F29-3D16-4DD1-83F4-D5268FBE230E}.Debug|Any CPU.ActiveCfg = Debug|Any CPU
		{05CA4F29-3D16-4DD1-83F4-D5268FBE230E}.Debug|Any CPU.Build.0 = Debug|Any CPU
		{05CA4F29-3D16-4DD1-83F4-D5268FBE230E}.Release|Any CPU.ActiveCfg = Release|Any CPU
		{05CA4F29-3D16-4DD1-83F4-D5268FBE230E}.Release|Any CPU.Build.0 = Release|Any CPU
	EndGlobalSection
	GlobalSection(SolutionProperties) = preSolution
		HideSolutionNode = FALSE
	EndGlobalSection
	GlobalSection(ExtensibilityGlobals) = postSolution
		SolutionGuid = {84767FD1-7DAE-4A9C-94DC-6E0F97DB7355}
	EndGlobalSection
EndGlobal
